
Microsoft Visual Studio Solution File, Format Version 12.00
# Visual Studio Version 17
VisualStudioVersion = 17.6.33712.159
MinimumVisualStudioVersion = 10.0.40219.1
Project("{FAE04EC0-301F-11D3-BF4B-00C04F79EFBC}") = "TCastGroupSebrae.API", "TCastGroupSebrae.API\TCastGroupSebrae.API.csproj", "{AC3B4851-2A9A-4A68-BFEA-0030624B6E24}"
EndProject
Global
	GlobalSection(SolutionConfigurationPlatforms) = preSolution
		Debug|Any CPU = Debug|Any CPU
		Release|Any CPU = Release|Any CPU
	EndGlobalSection
	GlobalSection(ProjectConfigurationPlatforms) = postSolution
		{AC3B4851-2A9A-4A68-BFEA-0030624B6E24}.Debug|Any CPU.ActiveCfg = Debug|Any CPU
		{AC3B4851-2A9A-4A68-BFEA-0030624B6E24}.Debug|Any CPU.Build.0 = Debug|Any CPU
		{AC3B4851-2A9A-4A68-BFEA-0030624B6E24}.Release|Any CPU.ActiveCfg = Release|Any CPU
		{AC3B4851-2A9A-4A68-BFEA-0030624B6E24}.Release|Any CPU.Build.0 = Release|Any CPU
	EndGlobalSection
	GlobalSection(SolutionProperties) = preSolution
		HideSolutionNode = FALSE
	EndGlobalSection
	GlobalSection(ExtensibilityGlobals) = postSolution
		SolutionGuid = {28F19BA5-DD63-4DAD-9F11-A249A1E52DE6}
	EndGlobalSection
EndGlobal
